
Microsoft Visual Studio Solution File, Format Version 12.00
# Visual Studio Version 16
VisualStudioVersion = 16.0.34031.81
MinimumVisualStudioVersion = 10.0.40219.1
Project("{FAE04EC0-301F-11D3-BF4B-00C04F79EFBC}") = "DuongTuLuc_02", "DuongTuLuc_02\DuongTuLuc_02.csproj", "{AA013BF9-4DEB-4630-81CD-6B903618FE91}"
EndProject
Global
	GlobalSection(SolutionConfigurationPlatforms) = preSolution
		Debug|Any CPU = Debug|Any CPU
		Release|Any CPU = Release|Any CPU
	EndGlobalSection
	GlobalSection(ProjectConfigurationPlatforms) = postSolution
		{AA013BF9-4DEB-4630-81CD-6B903618FE91}.Debug|Any CPU.ActiveCfg = Debug|Any CPU
		{AA013BF9-4DEB-4630-81CD-6B903618FE91}.Debug|Any CPU.Build.0 = Debug|Any CPU
		{AA013BF9-4DEB-4630-81CD-6B903618FE91}.Release|Any CPU.ActiveCfg = Release|Any CPU
		{AA013BF9-4DEB-4630-81CD-6B903618FE91}.Release|Any CPU.Build.0 = Release|Any CPU
	EndGlobalSection
	GlobalSection(SolutionProperties) = preSolution
		HideSolutionNode = FALSE
	EndGlobalSection
	GlobalSection(ExtensibilityGlobals) = postSolution
		SolutionGuid = {B903785E-2420-4D2F-9C5F-B8E80FF6BAD8}
	EndGlobalSection
EndGlobal
